
Microsoft Visual Studio Solution File, Format Version 12.00
# Visual Studio Version 16
VisualStudioVersion = 16.0.29926.136
MinimumVisualStudioVersion = 10.0.40219.1
Project("{FAE04EC0-301F-11D3-BF4B-00C04F79EFBC}") = "ASP.NET_NLayaerDesignStudio.WEB", "ASP.NET_NLayaerDesignStudio.WEB\ASP.NET_NLayaerDesignStudio.WEB.csproj", "{1206C444-2877-4C68-9E7B-79B9BB1193EA}"
EndProject
Project("{FAE04EC0-301F-11D3-BF4B-00C04F79EFBC}") = "ASP.NET_NLayerDesignStudio.DAL", "ASP.NET_NLayerDesignStudio.DAL\ASP.NET_NLayerDesignStudio.DAL.csproj", "{2C56C294-A048-4C7C-B6FF-AF6F7DF1A1E1}"
EndProject
Project("{FAE04EC0-301F-11D3-BF4B-00C04F79EFBC}") = "ASP.NET_NLayerDesignStudio.BLL", "ASP.NET_NLayerDesignStudio.BLL\ASP.NET_NLayerDesignStudio.BLL.csproj", "{BBC36796-9BEF-4A31-AD7D-53579E5AE60E}"
EndProject
Global
	GlobalSection(SolutionConfigurationPlatforms) = preSolution
		Debug|Any CPU = Debug|Any CPU
		Release|Any CPU = Release|Any CPU
	EndGlobalSection
	GlobalSection(ProjectConfigurationPlatforms) = postSolution
		{1206C444-2877-4C68-9E7B-79B9BB1193EA}.Debug|Any CPU.ActiveCfg = Debug|Any CPU
		{1206C444-2877-4C68-9E7B-79B9BB1193EA}.Debug|Any CPU.Build.0 = Debug|Any CPU
		{1206C444-2877-4C68-9E7B-79B9BB1193EA}.Release|Any CPU.ActiveCfg = Release|Any CPU
		{1206C444-2877-4C68-9E7B-79B9BB1193EA}.Release|Any CPU.Build.0 = Release|Any CPU
		{2C56C294-A048-4C7C-B6FF-AF6F7DF1A1E1}.Debug|Any CPU.ActiveCfg = Debug|Any CPU
		{2C56C294-A048-4C7C-B6FF-AF6F7DF1A1E1}.Debug|Any CPU.Build.0 = Debug|Any CPU
		{2C56C294-A048-4C7C-B6FF-AF6F7DF1A1E1}.Release|Any CPU.ActiveCfg = Release|Any CPU
		{2C56C294-A048-4C7C-B6FF-AF6F7DF1A1E1}.Release|Any CPU.Build.0 = Release|Any CPU
		{BBC36796-9BEF-4A31-AD7D-53579E5AE60E}.Debug|Any CPU.ActiveCfg = Debug|Any CPU
		{BBC36796-9BEF-4A31-AD7D-53579E5AE60E}.Debug|Any CPU.Build.0 = Debug|Any CPU
		{BBC36796-9BEF-4A31-AD7D-53579E5AE60E}.Release|Any CPU.ActiveCfg = Release|Any CPU
		{BBC36796-9BEF-4A31-AD7D-53579E5AE60E}.Release|Any CPU.Build.0 = Release|Any CPU
	EndGlobalSection
	GlobalSection(SolutionProperties) = preSolution
		HideSolutionNode = FALSE
	EndGlobalSection
	GlobalSection(ExtensibilityGlobals) = postSolution
		SolutionGuid = {BD7394D6-551D-499A-8445-BA4CCB0622E9}
	EndGlobalSection
EndGlobal
